
Microsoft Visual Studio Solution File, Format Version 12.00
# Visual Studio Version 17
VisualStudioVersion = 17.6.33815.320
MinimumVisualStudioVersion = 10.0.40219.1
Project("{FAE04EC0-301F-11D3-BF4B-00C04F79EFBC}") = "TestHomework01", "TestHomework01\TestHomework01.csproj", "{B321561B-9E00-4E69-9BF6-B5EB625636DB}"
EndProject
Global
	GlobalSection(SolutionConfigurationPlatforms) = preSolution
		Debug|Any CPU = Debug|Any CPU
		Release|Any CPU = Release|Any CPU
	EndGlobalSection
	GlobalSection(ProjectConfigurationPlatforms) = postSolution
		{B321561B-9E00-4E69-9BF6-B5EB625636DB}.Debug|Any CPU.ActiveCfg = Debug|Any CPU
		{B321561B-9E00-4E69-9BF6-B5EB625636DB}.Debug|Any CPU.Build.0 = Debug|Any CPU
		{B321561B-9E00-4E69-9BF6-B5EB625636DB}.Release|Any CPU.ActiveCfg = Release|Any CPU
		{B321561B-9E00-4E69-9BF6-B5EB625636DB}.Release|Any CPU.Build.0 = Release|Any CPU
	EndGlobalSection
	GlobalSection(SolutionProperties) = preSolution
		HideSolutionNode = FALSE
	EndGlobalSection
	GlobalSection(ExtensibilityGlobals) = postSolution
		SolutionGuid = {7CE7A6FC-8338-44AD-859F-B66F7BADDE2B}
	EndGlobalSection
EndGlobal
